{
  "name": "acgc",
  "lockfileVersion": 3,
  "requires": true,
  "packages": {
    "": {
      "dependencies": {
        "select-philippines-address": "^1.0.6"
      }
    },
    "node_modules/axios": {
      "version": "0.21.4",
      "resolved": "https://registry.npmjs.org/axios/-/axios-0.21.4.tgz",
      "integrity": "sha512-ut5vewkiu8jjGBdqpM44XxjuCjq9LAKeHVmoVfHVzy8eHgxxq8SbAVQNovDA8mVi05kP0Ea/n/UzcSHcTJQfNg==",
      "license": "MIT",
      "dependencies": {
        "follow-redirects": "^1.14.0"
      }
    },
    "node_modules/follow-redirects": {
      "version": "1.16.0",
      "resolved": "https://registry.npmjs.org/follow-redirects/-/follow-redirects-1.16.0.tgz",
      "integrity": "sha512-y5rN/uOsadFT/JfYwhxRS5R7Qce+g3zG97+JrtFZlC9klX/W5hD7iiLzScI4nZqUS7DNUdhPgw4xI8W2LuXlUw==",
      "funding": [
        {
          "type": "individual",
          "url": "https://github.com/sponsors/RubenVerborgh"
        }
      ],
      "license": "MIT",
      "engines": {
        "node": ">=4.0"
      },
      "peerDependenciesMeta": {
        "debug": {
          "optional": true
        }
      }
    },
    "node_modules/read-file": {
      "version": "0.2.0",
      "resolved": "https://registry.npmjs.org/read-file/-/read-file-0.2.0.tgz",
      "integrity": "sha512-na/zgd5KplGlR+io+ygXQMIoDfX/Y0bNS5+P2TOXOTk5plquOVd0snudCd30hZJAsnVK2rxuxUP2z0CN+Aw1lQ==",
      "license": "MIT",
      "engines": {
        "node": ">=0.8"
      }
    },
    "node_modules/select-philippines-address": {
      "version": "1.0.6",
      "resolved": "https://registry.npmjs.org/select-philippines-address/-/select-philippines-address-1.0.6.tgz",
      "integrity": "sha512-5szjgG1z8cwWdwbD/eTBHsuzZh8k8ctTuInkDIGSh0ZR5xik71/7XN678OkWarVsgXdf+wNIa4MJYh4gwIB+HQ==",
      "license": "MIT",
      "dependencies": {
        "axios": "^0.21.1",
        "read-file": "^0.2.0"
      }
    }
  }
}
